// !$*UTF8*$!
{
	archiveVersion = 1;
	classes = {
	};
	objectVersion = 48;
	objects = {

/* Begin PBXBuildFile section */
		8267C58D1FA944B5002876E4 /* AppDelegate.swift in Sources */ = {isa = PBXBuildFile; fileRef = 8267C58C1FA944B5002876E4 /* AppDelegate.swift */; };
		8267C58F1FA944B5002876E4 /* ViewController.swift in Sources */ = {isa = PBXBuildFile; fileRef = 8267C58E1FA944B5002876E4 /* ViewController.swift */; };
		8267C5921FA944B5002876E4 /* Main.storyboard in Resources */ = {isa = PBXBuildFile; fileRef = 8267C5901FA944B5002876E4 /* Main.storyboard */; };
		8267C5941FA944B5002876E4 /* Assets.xcassets in Resources */ = {isa = PBXBuildFile; fileRef = 8267C5931FA944B5002876E4 /* Assets.xcassets */; };
		8267C5971FA944B5002876E4 /* LaunchScreen.storyboard in Resources */ = {isa = PBXBuildFile; fileRef = 8267C5951FA944B5002876E4 /* LaunchScreen.storyboard */; };
		8267C5A21FA944B5002876E4 /* FoodTrackerTests.swift in Sources */ = {isa = PBXBuildFile; fileRef = 8267C5A11FA944B5002876E4 /* FoodTrackerTests.swift */; };
		8267C5AD1FA944B5002876E4 /* FoodTrackerUITests.swift in Sources */ = {isa = PBXBuildFile; fileRef = 8267C5AC1FA944B5002876E4 /* FoodTrackerUITests.swift */; };
		8267C5BA1FA95DBA002876E4 /* Info.plist in Resources */ = {isa = PBXBuildFile; fileRef = 8267C5981FA944B5002876E4 /* Info.plist */; };
/* End PBXBuildFile section */

/* Begin PBXContainerItemProxy section */
		8267C59E1FA944B5002876E4 /* PBXContainerItemProxy */ = {
			isa = PBXContainerItemProxy;
			containerPortal = 8267C5811FA944B5002876E4 /* Project object */;
			proxyType = 1;
			remoteGlobalIDString = 8267C5881FA944B5002876E4;
			remoteInfo = FoodTracker;
		};
		8267C5A91FA944B5002876E4 /* PBXContainerItemProxy */ = {
			isa = PBXContainerItemProxy;
			containerPortal = 8267C5811FA944B5002876E4 /* Project object */;
			proxyType = 1;
			remoteGlobalIDString = 8267C5881FA944B5002876E4;
			remoteInfo = FoodTracker;
		};
/* End PBXContainerItemProxy section */

/* Begin PBXFileReference section */
		8267C5891FA944B5002876E4 /* FoodTracker.app */ = {isa = PBXFileReference; explicitFileType = wrapper.application; includeInIndex = 0; path = FoodTracker.app; sourceTree = BUILT_PRODUCTS_DIR; };
		8267C58C1FA944B5002876E4 /* AppDelegate.swift */ = {isa = PBXFileReference; lastKnownFileType = sourcecode.swift; path = AppDelegate.swift; sourceTree = "<group>"; };
		8267C58E1FA944B5002876E4 /* ViewController.swift */ = {isa = PBXFileReference; lastKnownFileType = sourcecode.swift; path = ViewController.swift; sourceTree = "<group>"; };
		8267C5911FA944B5002876E4 /* Base */ = {isa = PBXFileReference; lastKnownFileType = file.storyboard; name = Base; path = Base.lproj/Main.storyboard; sourceTree = "<group>"; };
		8267C5931FA944B5002876E4 /* Assets.xcassets */ = {isa = PBXFileReference; lastKnownFileType = folder.assetcatalog; path = Assets.xcassets; sourceTree = "<group>"; };
		8267C5961FA944B5002876E4 /* Base */ = {isa = PBXFileReference; lastKnownFileType = file.storyboard; name = Base; path = Base.lproj/LaunchScreen.storyboard; sourceTree = "<group>"; };
		8267C5981FA944B5002876E4 /* Info.plist */ = {isa = PBXFileReference; lastKnownFileType = text.plist.xml; path = Info.plist; sourceTree = "<group>"; };
		8267C59D1FA944B5002876E4 /* FoodTrackerTests.xctest */ = {isa = PBXFileReference; explicitFileType = wrapper.cfbundle; includeInIndex = 0; path = FoodTrackerTests.xctest; sourceTree = BUILT_PRODUCTS_DIR; };
		8267C5A11FA944B5002876E4 /* FoodTrackerTests.swift */ = {isa = PBXFileReference; lastKnownFileType = sourcecode.swift; path = FoodTrackerTests.swift; sourceTree = "<group>"; };
		8267C5A31FA944B5002876E4 /* Info.plist */ = {isa = PBXFileReference; lastKnownFileType = text.plist.xml; path = Info.plist; sourceTree = "<group>"; };
		8267C5A81FA944B5002876E4 /* FoodTrackerUITests.xctest */ = {isa = PBXFileReference; explicitFileType = wrapper.cfbundle; includeInIndex = 0; path = FoodTrackerUITests.xctest; sourceTree = BUILT_PRODUCTS_DIR; };
		8267C5AC1FA944B5002876E4 /* FoodTrackerUITests.swift */ = {isa = PBXFileReference; lastKnownFileType = sourcecode.swift; path = FoodTrackerUITests.swift; sourceTree = "<group>"; };
		8267C5AE1FA944B5002876E4 /* Info.plist */ = {isa = PBXFileReference; lastKnownFileType = text.plist.xml; path = Info.plist; sourceTree = "<group>"; };
/* End PBXFileReference section */

/* Begin PBXFrameworksBuildPhase section */
		8267C5861FA944B5002876E4 /* Frameworks */ = {
			isa = PBXFrameworksBuildPhase;
			buildActionMask = 2147483647;
			files = (
			);
			runOnlyForDeploymentPostprocessing = 0;
		};
		8267C59A1FA944B5002876E4 /* Frameworks */ = {
			isa = PBXFrameworksBuildPhase;
			buildActionMask = 2147483647;
			files = (
			);
			runOnlyForDeploymentPostprocessing = 0;
		};
		8267C5A51FA944B5002876E4 /* Frameworks */ = {
			isa = PBXFrameworksBuildPhase;
			buildActionMask = 2147483647;
			files = (
			);
			runOnlyForDeploymentPostprocessing = 0;
		};
/* End PBXFrameworksBuildPhase section */

/* Begin PBXGroup section */
		8267C5801FA944B5002876E4 = {
			isa = PBXGroup;
			children = (
				8267C58B1FA944B5002876E4 /* FoodTracker */,
				8267C5A01FA944B5002876E4 /* FoodTrackerTests */,
				8267C5AB1FA944B5002876E4 /* FoodTrackerUITests */,
				8267C58A1FA944B5002876E4 /* Products */,
			);
			sourceTree = "<group>";
		};
		8267C58A1FA944B5002876E4 /* Products */ = {
			isa = PBXGroup;
			children = (
				8267C5891FA944B5002876E4 /* FoodTracker.app */,
				8267C59D1FA944B5002876E4 /* FoodTrackerTests.xctest */,
				8267C5A81FA944B5002876E4 /* FoodTrackerUITests.xctest */,
			);
			name = Products;
			sourceTree = "<group>";
		};
		8267C58B1FA944B5002876E4 /* FoodTracker */ = {
			isa = PBXGroup;
			children = (
				8267C58C1FA944B5002876E4 /* AppDelegate.swift */,
				8267C58E1FA944B5002876E4 /* ViewController.swift */,
				8267C5901FA944B5002876E4 /* Main.storyboard */,
				8267C5931FA944B5002876E4 /* Assets.xcassets */,
				8267C5951FA944B5002876E4 /* LaunchScreen.storyboard */,
				8267C5981FA944B5002876E4 /* Info.plist */,
			);
			path = FoodTracker;
			sourceTree = "<group>";
		};
		8267C5A01FA944B5002876E4 /* FoodTrackerTests */ = {
			isa = PBXGroup;
			children = (
				8267C5A11FA944B5002876E4 /* FoodTrackerTests.swift */,
				8267C5A31FA944B5002876E4 /* Info.plist */,
			);
			path = FoodTrackerTests;
			sourceTree = "<group>";
		};
		8267C5AB1FA944B5002876E4 /* FoodTrackerUITests */ = {
			isa = PBXGroup;
			children = (
				8267C5AC1FA944B5002876E4 /* FoodTrackerUITests.swift */,
				8267C5AE1FA944B5002876E4 /* Info.plist */,
			);
			path = FoodTrackerUITests;
			sourceTree = "<group>";
		};
/* End PBXGroup section */

/* Begin PBXNativeTarget section */
		8267C5881FA944B5002876E4 /* FoodTracker */ = {
			isa = PBXNativeTarget;
			buildConfigurationList = 8267C5B11FA944B5002876E4 /* Build configuration list for PBXNativeTarget "FoodTracker" */;
			buildPhases = (
				8267C5851FA944B5002876E4 /* Sources */,
				8267C5861FA944B5002876E4 /* Frameworks */,
				8267C5871FA944B5002876E4 /* Resources */,
			);
			buildRules = (
			);
			dependencies = (
			);
			name = FoodTracker;
			productName = FoodTracker;
			productReference = 8267C5891FA944B5002876E4 /* FoodTracker.app */;
			productType = "com.apple.product-type.application";
		};
		8267C59C1FA944B5002876E4 /* FoodTrackerTests */ = {
			isa = PBXNativeTarget;
			buildConfigurationList = 8267C5B41FA944B5002876E4 /* Build configuration list for PBXNativeTarget "FoodTrackerTests" */;
			buildPhases = (
				8267C5991FA944B5002876E4 /* Sources */,
				8267C59A1FA944B5002876E4 /* Frameworks */,
				8267C59B1FA944B5002876E4 /* Resources */,
			);
			buildRules = (
			);
			dependencies = (
				8267C59F1FA944B5002876E4 /* PBXTargetDependency */,
			);
			name = FoodTrackerTests;
			productName = FoodTrackerTests;
			productReference = 8267C59D1FA944B5002876E4 /* FoodTrackerTests.xctest */;
			productType = "com.apple.product-type.bundle.unit-test";
		};
		8267C5A71FA944B5002876E4 /* FoodTrackerUITests */ = {
			isa = PBXNativeTarget;
			buildConfigurationList = 8267C5B71FA944B5002876E4 /* Build configuration list for PBXNativeTarget "FoodTrackerUITests" */;
			buildPhases = (
				8267C5A41FA944B5002876E4 /* Sources */,
				8267C5A51FA944B5002876E4 /* Frameworks */,
				8267C5A61FA944B5002876E4 /* Resources */,
			);
			buildRules = (
			);
			dependencies = (
				8267C5AA1FA944B5002876E4 /* PBXTargetDependency */,
			);
			name = FoodTrackerUITests;
			productName = FoodTrackerUITests;
			productReference = 8267C5A81FA944B5002876E4 /* FoodTrackerUITests.xctest */;
			productType = "com.apple.product-type.bundle.ui-testing";
		};
/* End PBXNativeTarget section */

/* Begin PBXProject section */
		8267C5811FA944B5002876E4 /* Project object */ = {
			isa = PBXProject;
			attributes = {
				LastSwiftUpdateCheck = 0900;
				LastUpgradeCheck = 0900;
				ORGANIZATIONNAME = "Hanna Lee";
				TargetAttributes = {
					8267C5881FA944B5002876E4 = {
						CreatedOnToolsVersion = 9.0.1;
						ProvisioningStyle = Automatic;
					};
					8267C59C1FA944B5002876E4 = {
						CreatedOnToolsVersion = 9.0.1;
						ProvisioningStyle = Automatic;
						TestTargetID = 8267C5881FA944B5002876E4;
					};
					8267C5A71FA944B5002876E4 = {
						CreatedOnToolsVersion = 9.0.1;
						ProvisioningStyle = Automatic;
						TestTargetID = 8267C5881FA944B5002876E4;
					};
				};
			};
			buildConfigurationList = 8267C5841FA944B5002876E4 /* Build configuration list for PBXProject "FoodTracker" */;
			compatibilityVersion = "Xcode 8.0";
			developmentRegion = en;
			hasScannedForEncodings = 0;
			knownRegions = (
				en,
				Base,
			);
			mainGroup = 8267C5801FA944B5002876E4;
			productRefGroup = 8267C58A1FA944B5002876E4 /* Products */;
			projectDirPath = "";
			projectRoot = "";
			targets = (
				8267C5881FA944B5002876E4 /* FoodTracker */,
				8267C59C1FA944B5002876E4 /* FoodTrackerTests */,
				8267C5A71FA944B5002876E4 /* FoodTrackerUITests */,
			);
		};
/* End PBXProject section */

/* Begin PBXResourcesBuildPhase section */
		8267C5871FA944B5002876E4 /* Resources */ = {
			isa = PBXResourcesBuildPhase;
			buildActionMask = 2147483647;
			files = (
				8267C5BA1FA95DBA002876E4 /* Info.plist in Resources */,
				8267C5971FA944B5002876E4 /* LaunchScreen.storyboard in Resources */,
				8267C5941FA944B5002876E4 /* Assets.xcassets in Resources */,
				8267C5921FA944B5002876E4 /* Main.storyboard in Resources */,
			);
			runOnlyForDeploymentPostprocessing = 0;
		};
		8267C59B1FA944B5002876E4 /* Resources */ = {
			isa = PBXResourcesBuildPhase;
			buildActionMask = 2147483647;
			files = (
			);
			runOnlyForDeploymentPostprocessing = 0;
		};
		8267C5A61FA944B5002876E4 /* Resources */ = {
			isa = PBXResourcesBuildPhase;
			buildActionMask = 2147483647;
			files = (
			);
			runOnlyForDeploymentPostprocessing = 0;
		};
/* End PBXResourcesBuildPhase section */

/* Begin PBXSourcesBuildPhase section */
		8267C5851FA944B5002876E4 /* Sources */ = {
			isa = PBXSourcesBuildPhase;
			buildActionMask = 2147483647;
			files = (
				8267C58F1FA944B5002876E4 /* ViewController.swift in Sources */,
				8267C58D1FA944B5002876E4 /* AppDelegate.swift in Sources */,
			);
			runOnlyForDeploymentPostprocessing = 0;
		};
		8267C5991FA944B5002876E4 /* Sources */ = {
			isa = PBXSourcesBuildPhase;
			buildActionMask = 2147483647;
			files = (
				8267C5A21FA944B5002876E4 /* FoodTrackerTests.swift in Sources */,
			);
			runOnlyForDeploymentPostprocessing = 0;
		};
		8267C5A41FA944B5002876E4 /* Sources */ = {
			isa = PBXSourcesBuildPhase;
			buildActionMask = 2147483647;
			files = (
				8267C5AD1FA944B5002876E4 /* FoodTrackerUITests.swift in Sources */,
			);
			runOnlyForDeploymentPostprocessing = 0;
		};
/* End PBXSourcesBuildPhase section */

/* Begin PBXTargetDependency section */
		8267C59F1FA944B5002876E4 /* PBXTargetDependency */ = {
			isa = PBXTargetDependency;
			target = 8267C5881FA944B5002876E4 /* FoodTracker */;
			targetProxy = 8267C59E1FA944B5002876E4 /* PBXContainerItemProxy */;
		};
		8267C5AA1FA944B5002876E4 /* PBXTargetDependency */ = {
			isa = PBXTargetDependency;
			target = 8267C5881FA944B5002876E4 /* FoodTracker */;
			targetProxy = 8267C5A91FA944B5002876E4 /* PBXContainerItemProxy */;
		};
/* End PBXTargetDependency section */

/* Begin PBXVariantGroup section */
		8267C5901FA944B5002876E4 /* Main.storyboard */ = {
			isa = PBXVariantGroup;
			children = (
				8267C5911FA944B5002876E4 /* Base */,
			);
			name = Main.storyboard;
			sourceTree = "<group>";
		};
		8267C5951FA944B5002876E4 /* LaunchScreen.storyboard */ = {
			isa = PBXVariantGroup;
			children = (
				8267C5961FA944B5002876E4 /* Base */,
			);
			name = LaunchScreen.storyboard;
			sourceTree = "<group>";
		};
/* End PBXVariantGroup section */

/* Begin XCBuildConfiguration section */
		8267C5AF1FA944B5002876E4 /* Debug */ = {
			isa = XCBuildConfiguration;
			buildSettings = {
				ALWAYS_SEARCH_USER_PATHS = NO;
				CLANG_ANALYZER_NONNULL = YES;
				CLANG_ANALYZER_NUMBER_OBJECT_CONVERSION = YES_AGGRESSIVE;
				CLANG_CXX_LANGUAGE_STANDARD = "gnu++14";
				CLANG_CXX_LIBRARY = "libc++";
				CLANG_ENABLE_MODULES = YES;
				CLANG_ENABLE_OBJC_ARC = YES;
				CLANG_WARN_BLOCK_CAPTURE_AUTORELEASING = YES;
				CLANG_WARN_BOOL_CONVERSION = YES;
				CLANG_WARN_COMMA = YES;
				CLANG_WARN_CONSTANT_CONVERSION = YES;
				CLANG_WARN_DIRECT_OBJC_ISA_USAGE = YES_ERROR;
				CLANG_WARN_DOCUMENTATION_COMMENTS = YES;
				CLANG_WARN_EMPTY_BODY = YES;
				CLANG_WARN_ENUM_CONVERSION = YES;
				CLANG_WARN_INFINITE_RECURSION = YES;
				CLANG_WARN_INT_CONVERSION = YES;
				CLANG_WARN_NON_LITERAL_NULL_CONVERSION = YES;
				CLANG_WARN_OBJC_LITERAL_CONVERSION = YES;
				CLANG_WARN_OBJC_ROOT_CLASS = YES_ERROR;
				CLANG_WARN_RANGE_LOOP_ANALYSIS = YES;
				CLANG_WARN_STRICT_PROTOTYPES = YES;
				CLANG_WARN_SUSPICIOUS_MOVE = YES;
				CLANG_WARN_UNGUARDED_AVAILABILITY = YES_AGGRESSIVE;
				CLANG_WARN_UNREACHABLE_CODE = YES;
				CLANG_WARN__DUPLICATE_METHOD_MATCH = YES;
				CODE_SIGN_IDENTITY = "iPhone Developer";
				COPY_PHASE_STRIP = NO;
				DEBUG_INFORMATION_FORMAT = dwarf;
				ENABLE_STRICT_OBJC_MSGSEND = YES;
				ENABLE_TESTABILITY = YES;
				GCC_C_LANGUAGE_STANDARD = gnu11;
				GCC_DYNAMIC_NO_PIC = NO;
				GCC_NO_COMMON_BLOCKS = YES;
				GCC_OPTIMIZATION_LEVEL = 0;
				GCC_PREPROCESSOR_DEFINITIONS = (
					"DEBUG=1",
					"$(inherited)",
				);
				GCC_WARN_64_TO_32_BIT_CONVERSION = YES;
				GCC_WARN_ABOUT_RETURN_TYPE = YES_ERROR;
				GCC_WARN_UNDECLARED_SELECTOR = YES;
				GCC_WARN_UNINITIALIZED_AUTOS = YES_AGGRESSIVE;
				GCC_WARN_UNUSED_FUNCTION = YES;
				GCC_WARN_UNUSED_VARIABLE = YES;
				IPHONEOS_DEPLOYMENT_TARGET = 11.0;
				MTL_ENABLE_DEBUG_INFO = YES;
				ONLY_ACTIVE_ARCH = YES;
				SDKROOT = iphoneos;
				SWIFT_ACTIVE_COMPILATION_CONDITIONS = DEBUG;
				SWIFT_OPTIMIZATION_LEVEL = "-Onone";
			};
			name = Debug;
		};
		8267C5B01FA944B5002876E4 /* Release */ = {
			isa = XCBuildConfiguration;
			buildSettings = {
				ALWAYS_SEARCH_USER_PATHS = NO;
				CLANG_ANALYZER_NONNULL = YES;
				CLANG_ANALYZER_NUMBER_OBJECT_CONVERSION = YES_AGGRESSIVE;
				CLANG_CXX_LANGUAGE_STANDARD = "gnu++14";
				CLANG_CXX_LIBRARY = "libc++";
				CLANG_ENABLE_MODULES = YES;
				CLANG_ENABLE_OBJC_ARC = YES;
				CLANG_WARN_BLOCK_CAPTURE_AUTORELEASING = YES;
				CLANG_WARN_BOOL_CONVERSION = YES;
				CLANG_WARN_COMMA = YES;
				CLANG_WARN_CONSTANT_CONVERSION = YES;
				CLANG_WARN_DIRECT_OBJC_ISA_USAGE = YES_ERROR;
				CLANG_WARN_DOCUMENTATION_COMMENTS = YES;
				CLANG_WARN_EMPTY_BODY = YES;
				CLANG_WARN_ENUM_CONVERSION = YES;
				CLANG_WARN_INFINITE_RECURSION = YES;
				CLANG_WARN_INT_CONVERSION = YES;
				CLANG_WARN_NON_LITERAL_NULL_CONVERSION = YES;
				CLANG_WARN_OBJC_LITERAL_CONVERSION = YES;
				CLANG_WARN_OBJC_ROOT_CLASS = YES_ERROR;
				CLANG_WARN_RANGE_LOOP_ANALYSIS = YES;
				CLANG_WARN_STRICT_PROTOTYPES = YES;
				CLANG_WARN_SUSPICIOUS_MOVE = YES;
				CLANG_WARN_UNGUARDED_AVAILABILITY = YES_AGGRESSIVE;
				CLANG_WARN_UNREACHABLE_CODE = YES;
				CLANG_WARN__DUPLICATE_METHOD_MATCH = YES;
				CODE_SIGN_IDENTITY = "iPhone Developer";
				COPY_PHASE_STRIP = NO;
				DEBUG_INFORMATION_FORMAT = "dwarf-with-dsym";
				ENABLE_NS_ASSERTIONS = NO;
				ENABLE_STRICT_OBJC_MSGSEND = YES;
				GCC_C_LANGUAGE_STANDARD = gnu11;
				GCC_NO_COMMON_BLOCKS = YES;
				GCC_WARN_64_TO_32_BIT_CONVERSION = YES;
				GCC_WARN_ABOUT_RETURN_TYPE = YES_ERROR;
				GCC_WARN_UNDECLARED_SELECTOR = YES;
				GCC_WARN_UNINITIALIZED_AUTOS = YES_AGGRESSIVE;
				GCC_WARN_UNUSED_FUNCTION = YES;
				GCC_WARN_UNUSED_VARIABLE = YES;
				IPHONEOS_DEPLOYMENT_TARGET = 11.0;
				MTL_ENABLE_DEBUG_INFO = NO;
				SDKROOT = iphoneos;
				SWIFT_OPTIMIZATION_LEVEL = "-Owholemodule";
				VALIDATE_PRODUCT = YES;
			};
			name = Release;
		};
		8267C5B21FA944B5002876E4 /* Debug */ = {
			isa = XCBuildConfiguration;
			buildSettings = {
				ASSETCATALOG_COMPILER_APPICON_NAME = AppIcon;
				CODE_SIGN_STYLE = Automatic;
				DEVELOPMENT_TEAM = MC5HB54E56;
				INFOPLIST_FILE = FoodTracker/Info.plist;
				IPHONEOS_DEPLOYMENT_TARGET = 11.0;
				LD_RUNPATH_SEARCH_PATHS = "$(inherited) @executable_path/Frameworks";
				PRODUCT_BUNDLE_IDENTIFIER = hannalee.FoodTracker;
				PRODUCT_NAME = "$(TARGET_NAME)";
				SWIFT_VERSION = 4.0;
				TARGETED_DEVICE_FAMILY = 1;
			};
			name = Debug;
		};
		8267C5B31FA944B5002876E4 /* Release */ = {
			isa = XCBuildConfiguration;
			buildSettings = {
				ASSETCATALOG_COMPILER_APPICON_NAME = AppIcon;
				CODE_SIGN_STYLE = Automatic;
				DEVELOPMENT_TEAM = MC5HB54E56;
				INFOPLIST_FILE = FoodTracker/Info.plist;
				IPHONEOS_DEPLOYMENT_TARGET = 11.0;
				LD_RUNPATH_SEARCH_PATHS = "$(inherited) @executable_path/Frameworks";
				PRODUCT_BUNDLE_IDENTIFIER = hannalee.FoodTracker;
				PRODUCT_NAME = "$(TARGET_NAME)";
				SWIFT_VERSION = 4.0;
				TARGETED_DEVICE_FAMILY = 1;
			};
			name = Release;
		};
		8267C5B51FA944B5002876E4 /* Debug */ = {
			isa = XCBuildConfiguration;
			buildSettings = {
				ALWAYS_EMBED_SWIFT_STANDARD_LIBRARIES = YES;
				BUNDLE_LOADER = "$(TEST_HOST)";
				CODE_SIGN_STYLE = Automatic;
				INFOPLIST_FILE = FoodTrackerTests/Info.plist;
				LD_RUNPATH_SEARCH_PATHS = "$(inherited) @executable_path/Frameworks @loader_path/Frameworks";
				PRODUCT_BUNDLE_IDENTIFIER = hannalee.FoodTrackerTests;
				PRODUCT_NAME = "$(TARGET_NAME)";
				SWIFT_VERSION = 4.0;
				TARGETED_DEVICE_FAMILY = "1,2";
				TEST_HOST = "$(BUILT_PRODUCTS_DIR)/FoodTracker.app/FoodTracker";
			};
			name = Debug;
		};
		8267C5B61FA944B5002876E4 /* Release */ = {
			isa = XCBuildConfiguration;
			buildSettings = {
				ALWAYS_EMBED_SWIFT_STANDARD_LIBRARIES = YES;
				BUNDLE_LOADER = "$(TEST_HOST)";
				CODE_SIGN_STYLE = Automatic;
				INFOPLIST_FILE = FoodTrackerTests/Info.plist;
				LD_RUNPATH_SEARCH_PATHS = "$(inherited) @executable_path/Frameworks @loader_path/Frameworks";
				PRODUCT_BUNDLE_IDENTIFIER = hannalee.FoodTrackerTests;
				PRODUCT_NAME = "$(TARGET_NAME)";
				SWIFT_VERSION = 4.0;
				TARGETED_DEVICE_FAMILY = "1,2";
				TEST_HOST = "$(BUILT_PRODUCTS_DIR)/FoodTracker.app/FoodTracker";
			};
			name = Release;
		};
		8267C5B81FA944B5002876E4 /* Debug */ = {
			isa = XCBuildConfiguration;
			buildSettings = {
				ALWAYS_EMBED_SWIFT_STANDARD_LIBRARIES = YES;
				CODE_SIGN_STYLE = Automatic;
				INFOPLIST_FILE = FoodTrackerUITests/Info.plist;
				LD_RUNPATH_SEARCH_PATHS = "$(inherited) @executable_path/Frameworks @loader_path/Frameworks";
				PRODUCT_BUNDLE_IDENTIFIER = hannalee.FoodTrackerUITests;
				PRODUCT_NAME = "$(TARGET_NAME)";
				SWIFT_VERSION = 4.0;
				TARGETED_DEVICE_FAMILY = "1,2";
				TEST_TARGET_NAME = FoodTracker;
			};
			name = Debug;
		};
		8267C5B91FA944B5002876E4 /* Release */ = {
			isa = XCBuildConfiguration;
			buildSettings = {
				ALWAYS_EMBED_SWIFT_STANDARD_LIBRARIES = YES;
				CODE_SIGN_STYLE = Automatic;
				INFOPLIST_FILE = FoodTrackerUITests/Info.plist;
				LD_RUNPATH_SEARCH_PATHS = "$(inherited) @executable_path/Frameworks @loader_path/Frameworks";
				PRODUCT_BUNDLE_IDENTIFIER = hannalee.FoodTrackerUITests;
				PRODUCT_NAME = "$(TARGET_NAME)";
				SWIFT_VERSION = 4.0;
				TARGETED_DEVICE_FAMILY = "1,2";
				TEST_TARGET_NAME = FoodTracker;
			};
			name = Release;
		};
/* End XCBuildConfiguration section */

/* Begin XCConfigurationList section */
		8267C5841FA944B5002876E4 /* Build configuration list for PBXProject "FoodTracker" */ = {
			isa = XCConfigurationList;
			buildConfigurations = (
				8267C5AF1FA944B5002876E4 /* Debug */,
				8267C5B01FA944B5002876E4 /* Release */,
			);
			defaultConfigurationIsVisible = 0;
			defaultConfigurationName = Release;
		};
		8267C5B11FA944B5002876E4 /* Build configuration list for PBXNativeTarget "FoodTracker" */ = {
			isa = XCConfigurationList;
			buildConfigurations = (
				8267C5B21FA944B5002876E4 /* Debug */,
				8267C5B31FA944B5002876E4 /* Release */,
			);
			defaultConfigurationIsVisible = 0;
			defaultConfigurationName = Release;
		};
		8267C5B41FA944B5002876E4 /* Build configuration list for PBXNativeTarget "FoodTrackerTests" */ = {
			isa = XCConfigurationList;
			buildConfigurations = (
				8267C5B51FA944B5002876E4 /* Debug */,
				8267C5B61FA944B5002876E4 /* Release */,
			);
			defaultConfigurationIsVisible = 0;
			defaultConfigurationName = Release;
		};
		8267C5B71FA944B5002876E4 /* Build configuration list for PBXNativeTarget "FoodTrackerUITests" */ = {
			isa = XCConfigurationList;
			buildConfigurations = (
				8267C5B81FA944B5002876E4 /* Debug */,
				8267C5B91FA944B5002876E4 /* Release */,
			);
			defaultConfigurationIsVisible = 0;
			defaultConfigurationName = Release;
		};
/* End XCConfigurationList section */
	};
	rootObject = 8267C5811FA944B5002876E4 /* Project object */;
}
